
Microsoft Visual Studio Solution File, Format Version 12.00
# Visual Studio 15
VisualStudioVersion = 15.0.26730.10
MinimumVisualStudioVersion = 10.0.40219.1
Project("{FAE04EC0-301F-11D3-BF4B-00C04F79EFBC}") = "01 Task 1", "01 Task 1\01 Task 1.csproj", "{F6ADD833-31AD-47B7-BBFA-B0B7A04D841E}"
EndProject
Project("{FAE04EC0-301F-11D3-BF4B-00C04F79EFBC}") = "02 Task 2", "02 Task 2\02 Task 2.csproj", "{90D16014-31B7-4303-A8D4-684D4EB14ED0}"
EndProject
Project("{FAE04EC0-301F-11D3-BF4B-00C04F79EFBC}") = "03 Task 3", "03 Task 3\03 Task 3.csproj", "{4A036158-AF57-4A79-A2B0-A4CFE70BF3E5}"
EndProject
Project("{FAE04EC0-301F-11D3-BF4B-00C04F79EFBC}") = "04 Task 4", "04 Task 4\04 Task 4.csproj", "{35ED79E1-37D7-4300-AA23-05A7DDA7BD41}"
EndProject
Global
	GlobalSection(SolutionConfigurationPlatforms) = preSolution
		Debug|Any CPU = Debug|Any CPU
		Release|Any CPU = Release|Any CPU
	EndGlobalSection
	GlobalSection(ProjectConfigurationPlatforms) = postSolution
		{F6ADD833-31AD-47B7-BBFA-B0B7A04D841E}.Debug|Any CPU.ActiveCfg = Debug|Any CPU
		{F6ADD833-31AD-47B7-BBFA-B0B7A04D841E}.Debug|Any CPU.Build.0 = Debug|Any CPU
		{F6ADD833-31AD-47B7-BBFA-B0B7A04D841E}.Release|Any CPU.ActiveCfg = Release|Any CPU
		{F6ADD833-31AD-47B7-BBFA-B0B7A04D841E}.Release|Any CPU.Build.0 = Release|Any CPU
		{90D16014-31B7-4303-A8D4-684D4EB14ED0}.Debug|Any CPU.ActiveCfg = Debug|Any CPU
		{90D16014-31B7-4303-A8D4-684D4EB14ED0}.Debug|Any CPU.Build.0 = Debug|Any CPU
		{90D16014-31B7-4303-A8D4-684D4EB14ED0}.Release|Any CPU.ActiveCfg = Release|Any CPU
		{90D16014-31B7-4303-A8D4-684D4EB14ED0}.Release|Any CPU.Build.0 = Release|Any CPU
		{4A036158-AF57-4A79-A2B0-A4CFE70BF3E5}.Debug|Any CPU.ActiveCfg = Debug|Any CPU
		{4A036158-AF57-4A79-A2B0-A4CFE70BF3E5}.Debug|Any CPU.Build.0 = Debug|Any CPU
		{4A036158-AF57-4A79-A2B0-A4CFE70BF3E5}.Release|Any CPU.ActiveCfg = Release|Any CPU
		{4A036158-AF57-4A79-A2B0-A4CFE70BF3E5}.Release|Any CPU.Build.0 = Release|Any CPU
		{35ED79E1-37D7-4300-AA23-05A7DDA7BD41}.Debug|Any CPU.ActiveCfg = Debug|Any CPU
		{35ED79E1-37D7-4300-AA23-05A7DDA7BD41}.Debug|Any CPU.Build.0 = Debug|Any CPU
		{35ED79E1-37D7-4300-AA23-05A7DDA7BD41}.Release|Any CPU.ActiveCfg = Release|Any CPU
		{35ED79E1-37D7-4300-AA23-05A7DDA7BD41}.Release|Any CPU.Build.0 = Release|Any CPU
	EndGlobalSection
	GlobalSection(SolutionProperties) = preSolution
		HideSolutionNode = FALSE
	EndGlobalSection
	GlobalSection(ExtensibilityGlobals) = postSolution
		SolutionGuid = {FEBB5940-A405-413F-B893-E9E18607535C}
	EndGlobalSection
EndGlobal
